
Microsoft Visual Studio Solution File, Format Version 12.00
# Visual Studio Version 16
VisualStudioVersion = 16.0.30804.86
MinimumVisualStudioVersion = 10.0.40219.1
Project("{FAE04EC0-301F-11D3-BF4B-00C04F79EFBC}") = "CyberCube", "CyberCube\CyberCube.csproj", "{5177FBD6-CB3A-4763-96EA-2AB7AC192606}"
EndProject
Global
	GlobalSection(SolutionConfigurationPlatforms) = preSolution
		Debug|Any CPU = Debug|Any CPU
		Release|Any CPU = Release|Any CPU
	EndGlobalSection
	GlobalSection(ProjectConfigurationPlatforms) = postSolution
		{5177FBD6-CB3A-4763-96EA-2AB7AC192606}.Debug|Any CPU.ActiveCfg = Debug|Any CPU
		{5177FBD6-CB3A-4763-96EA-2AB7AC192606}.Debug|Any CPU.Build.0 = Debug|Any CPU
		{5177FBD6-CB3A-4763-96EA-2AB7AC192606}.Release|Any CPU.ActiveCfg = Release|Any CPU
		{5177FBD6-CB3A-4763-96EA-2AB7AC192606}.Release|Any CPU.Build.0 = Release|Any CPU
	EndGlobalSection
	GlobalSection(SolutionProperties) = preSolution
		HideSolutionNode = FALSE
	EndGlobalSection
	GlobalSection(ExtensibilityGlobals) = postSolution
		SolutionGuid = {AF59D5C7-B5C2-4A1B-9964-859209A3F599}
	EndGlobalSection
EndGlobal
